
Microsoft Visual Studio Solution File, Format Version 12.00
# Visual Studio Version 16
VisualStudioVersion = 16.0.30104.148
MinimumVisualStudioVersion = 10.0.40219.1
Project("{888888A0-9F3D-457C-B088-3A5042F75D52}") = "MLS", "MLS\MLS.pyproj", "{1122D017-ECEA-4BFD-95DE-71DBE14637EB}"
EndProject
Global
	GlobalSection(SolutionConfigurationPlatforms) = preSolution
		Debug|Any CPU = Debug|Any CPU
		Release|Any CPU = Release|Any CPU
	EndGlobalSection
	GlobalSection(ProjectConfigurationPlatforms) = postSolution
		{1122D017-ECEA-4BFD-95DE-71DBE14637EB}.Debug|Any CPU.ActiveCfg = Debug|Any CPU
		{1122D017-ECEA-4BFD-95DE-71DBE14637EB}.Release|Any CPU.ActiveCfg = Release|Any CPU
	EndGlobalSection
	GlobalSection(SolutionProperties) = preSolution
		HideSolutionNode = FALSE
	EndGlobalSection
	GlobalSection(ExtensibilityGlobals) = postSolution
		SolutionGuid = {78C2BE8B-4496-4E9C-BB37-9F436C3B7DBD}
	EndGlobalSection
EndGlobal
